{
  "R": {
    "Version": "4.2.1",
    "Repositories": [
      {
        "Name": "CRAN",
        "URL": "https://cran.rstudio.com"
      }
    ]
  },
  "Packages": {
    "withr": {
      "Package": "withr",
      "Version": "2.5.0",
      "Source": "Repository",
      "Repository": "CRAN",
      "Hash": "974f3df643d0e68fa1ceb5c0e69d368b",
      "Requirements": []
    },
    "targets": {
      "Package": "targets",
      "Version": "1.2.0",
      "Source": "Repository",
      "Repository": "CRAN",
      "Hash": "974f3df643d0e68fa1ceb5c0e69d368b",
      "Requirements": []
    }

  }
}
